
Microsoft Visual Studio Solution File, Format Version 12.00
# Visual Studio Version 17
VisualStudioVersion = 17.0.31903.59
MinimumVisualStudioVersion = 10.0.40219.1
Project("{FAE04EC0-301F-11D3-BF4B-00C04F79EFBC}") = "Getargv", "Getargv\Getargv.csproj", "{554457FA-3CEA-40F2-93C5-9C336502E1AD}"
EndProject
Project("{FAE04EC0-301F-11D3-BF4B-00C04F79EFBC}") = "Getargv.Tests", "Getargv.Tests\Getargv.Tests.csproj", "{967186ED-A8C9-4A17-BE2D-D00A9C7C3315}"
EndProject
Project("{FAE04EC0-301F-11D3-BF4B-00C04F79EFBC}") = "Getargv.Tool", "Getargv.Tool\Getargv.Tool.csproj", "{FC1206CB-EBE8-4FE7-BF03-9613E7CFD467}"
EndProject
Global
	GlobalSection(SolutionConfigurationPlatforms) = preSolution
		Debug|Any CPU = Debug|Any CPU
		Release|Any CPU = Release|Any CPU
	EndGlobalSection
	GlobalSection(SolutionProperties) = preSolution
		HideSolutionNode = FALSE
	EndGlobalSection
	GlobalSection(ProjectConfigurationPlatforms) = postSolution
		{554457FA-3CEA-40F2-93C5-9C336502E1AD}.Debug|Any CPU.ActiveCfg = Debug|Any CPU
		{554457FA-3CEA-40F2-93C5-9C336502E1AD}.Debug|Any CPU.Build.0 = Debug|Any CPU
		{554457FA-3CEA-40F2-93C5-9C336502E1AD}.Release|Any CPU.ActiveCfg = Release|Any CPU
		{554457FA-3CEA-40F2-93C5-9C336502E1AD}.Release|Any CPU.Build.0 = Release|Any CPU
		{967186ED-A8C9-4A17-BE2D-D00A9C7C3315}.Debug|Any CPU.ActiveCfg = Debug|Any CPU
		{967186ED-A8C9-4A17-BE2D-D00A9C7C3315}.Debug|Any CPU.Build.0 = Debug|Any CPU
		{967186ED-A8C9-4A17-BE2D-D00A9C7C3315}.Release|Any CPU.ActiveCfg = Release|Any CPU
		{967186ED-A8C9-4A17-BE2D-D00A9C7C3315}.Release|Any CPU.Build.0 = Release|Any CPU
		{FC1206CB-EBE8-4FE7-BF03-9613E7CFD467}.Debug|Any CPU.ActiveCfg = Debug|Any CPU
		{FC1206CB-EBE8-4FE7-BF03-9613E7CFD467}.Debug|Any CPU.Build.0 = Debug|Any CPU
		{FC1206CB-EBE8-4FE7-BF03-9613E7CFD467}.Release|Any CPU.ActiveCfg = Release|Any CPU
		{FC1206CB-EBE8-4FE7-BF03-9613E7CFD467}.Release|Any CPU.Build.0 = Release|Any CPU
	EndGlobalSection
EndGlobal
